<?xml version="1.0" encoding="utf-8"?>
<Project ToolsVersion="4.0" xmlns="http://schemas.microsoft.com/developer/msbuild/2003">
  <ItemGroup>
    <Filter Include="Source Files">
      <UniqueIdentifier>{4FC737F1-C7A5-4376-A066-2A32D752A2FF}</UniqueIdentifier>
      <Extensions>cpp;c;cc;cxx;def;odl;idl;hpj;bat;asm;asmx</Extensions>
    </Filter>
    <Filter Include="Header Files">
      <UniqueIdentifier>{93995380-89BD-4b04-88EB-625FBE52EBFB}</UniqueIdentifier>
      <Extensions>h;hh;hpp;hxx;hm;inl;inc;ipp;xsd</Extensions>
    </Filter>
    <Filter Include="Resource Files">
      <UniqueIdentifier>{67DA6AB6-F800-4c08-8B7A-83BB121AAD01}</UniqueIdentifier>
      <Extensions>rc;ico;cur;bmp;dlg;rc2;rct;bin;rgs;gif;jpg;jpeg;jpe;resx;tiff;tif;png;wav;mfcribbon-ms</Extensions>
    </Filter>
  </ItemGroup>
  <ItemGroup>
    <ClCompile Include="kruskal.cpp">
      <Filter>Source Files</Filter>
    </ClCompile>
    <ClCompile Include="adjacencymatrix.cpp">
      <Filter>Source Files</Filter>
    </ClCompile>
    <ClCompile Include="adjacencylistgraph.cpp">
      <Filter>Source Files</Filter>
    </ClCompile>
    <ClCompile Include="Source.cpp">
      <Filter>Source Files</Filter>
    </ClCompile>
    <ClCompile Include="pat.cpp">
      <Filter>Source Files</Filter>
    </ClCompile>
    <ClCompile Include="main.c">
      <Filter>Source Files</Filter>
    </ClCompile>
    <ClCompile Include="linklist.c">
      <Filter>Source Files</Filter>
    </ClCompile>
    <ClCompile Include="Online_examination.cpp">
      <Filter>Source Files</Filter>
    </ClCompile>
    <ClCompile Include="cstring.cpp">
      <Filter>Source Files</Filter>
    </ClCompile>
    <ClCompile Include="tree.c">
      <Filter>Source Files</Filter>
    </ClCompile>
    <ClCompile Include="sort.c">
      <Filter>Source Files</Filter>
    </ClCompile>
    <ClCompile Include="seqarray.c">
      <Filter>Source Files</Filter>
    </ClCompile>
    <ClCompile Include="polynomial.c">
      <Filter>Source Files</Filter>
    </ClCompile>
    <ClCompile Include="linkstack.c">
      <Filter>Source Files</Filter>
    </ClCompile>
    <ClCompile Include="linkqueue.c">
      <Filter>Source Files</Filter>
    </ClCompile>
    <ClCompile Include="graph_shortestpath.c">
      <Filter>Source Files</Filter>
    </ClCompile>
    <ClCompile Include="graph_prim.c">
      <Filter>Source Files</Filter>
    </ClCompile>
    <ClCompile Include="graph_adjacency.c">
      <Filter>Source Files</Filter>
    </ClCompile>
    <ClCompile Include="doublelinklist.c">
      <Filter>Source Files</Filter>
    </ClCompile>
    <ClCompile Include="circlearrayqueue.c">
      <Filter>Source Files</Filter>
    </ClCompile>
    <ClCompile Include="arraystack.c">
      <Filter>Source Files</Filter>
    </ClCompile>
    <ClCompile Include="arrayqueue.c">
      <Filter>Source Files</Filter>
    </ClCompile>
    <ClCompile Include="2018eastsecondexam.cpp">
      <Filter>Source Files</Filter>
    </ClCompile>
  </ItemGroup>
  <ItemGroup>
    <ClInclude Include="adjacencylist.h">
      <Filter>Header Files</Filter>
    </ClInclude>
    <ClInclude Include="adjacencymatrix.h">
      <Filter>Header Files</Filter>
    </ClInclude>
    <ClInclude Include="graphmatrix.hpp">
      <Filter>Header Files</Filter>
    </ClInclude>
    <ClInclude Include="tree.h">
      <Filter>Header Files</Filter>
    </ClInclude>
    <ClInclude Include="seqarray.h">
      <Filter>Header Files</Filter>
    </ClInclude>
    <ClInclude Include="polynomial.h">
      <Filter>Header Files</Filter>
    </ClInclude>
    <ClInclude Include="linkstack.h">
      <Filter>Header Files</Filter>
    </ClInclude>
    <ClInclude Include="linkqueue.h">
      <Filter>Header Files</Filter>
    </ClInclude>
    <ClInclude Include="linklist.h">
      <Filter>Header Files</Filter>
    </ClInclude>
    <ClInclude Include="heap.h">
      <Filter>Header Files</Filter>
    </ClInclude>
    <ClInclude Include="graph_adjacency.h">
      <Filter>Header Files</Filter>
    </ClInclude>
    <ClInclude Include="doublelinklist.h">
      <Filter>Header Files</Filter>
    </ClInclude>
    <ClInclude Include="datastructpublic.h">
      <Filter>Header Files</Filter>
    </ClInclude>
    <ClInclude Include="cstring.h">
      <Filter>Header Files</Filter>
    </ClInclude>
    <ClInclude Include="circlearrayqueue.h">
      <Filter>Header Files</Filter>
    </ClInclude>
    <ClInclude Include="arraystack.h">
      <Filter>Header Files</Filter>
    </ClInclude>
    <ClInclude Include="arrayqueue.h">
      <Filter>Header Files</Filter>
    </ClInclude>
  </ItemGroup>
</Project>